
Microsoft Visual Studio Solution File, Format Version 11.00
# Visual Studio 2010
Project("{FAE04EC0-301F-11D3-BF4B-00C04F79EFBC}") = "EerieEdit", "EerieEdit.csproj", "{B7AA3677-602D-4D8E-B53F-826D88877A3E}"
EndProject
Project("{54435603-DBB4-11D2-8724-00A0C9A8B90C}") = "Setup", "!Setup\Setup.vdproj", "{C92E2E05-2DCF-410B-BBEE-DAE6C1F1D4E2}"
EndProject
Global
	GlobalSection(SolutionConfigurationPlatforms) = preSolution
		Debug|Any CPU = Debug|Any CPU
		Release|Any CPU = Release|Any CPU
	EndGlobalSection
	GlobalSection(ProjectConfigurationPlatforms) = postSolution
		{B7AA3677-602D-4D8E-B53F-826D88877A3E}.Debug|Any CPU.ActiveCfg = Debug|Any CPU
		{B7AA3677-602D-4D8E-B53F-826D88877A3E}.Debug|Any CPU.Build.0 = Debug|Any CPU
		{B7AA3677-602D-4D8E-B53F-826D88877A3E}.Release|Any CPU.ActiveCfg = Release|Any CPU
		{B7AA3677-602D-4D8E-B53F-826D88877A3E}.Release|Any CPU.Build.0 = Release|Any CPU
		{C92E2E05-2DCF-410B-BBEE-DAE6C1F1D4E2}.Debug|Any CPU.ActiveCfg = Debug
		{C92E2E05-2DCF-410B-BBEE-DAE6C1F1D4E2}.Debug|Any CPU.Build.0 = Debug
		{C92E2E05-2DCF-410B-BBEE-DAE6C1F1D4E2}.Release|Any CPU.ActiveCfg = Release
		{C92E2E05-2DCF-410B-BBEE-DAE6C1F1D4E2}.Release|Any CPU.Build.0 = Release
	EndGlobalSection
	GlobalSection(SolutionProperties) = preSolution
		HideSolutionNode = FALSE
	EndGlobalSection
EndGlobal
